
Microsoft Visual Studio Solution File, Format Version 12.00
# Visual Studio Version 17
VisualStudioVersion = 17.9.34728.123
MinimumVisualStudioVersion = 10.0.40219.1
Project("{9A19103F-16F7-4668-BE54-9A1E7A4F7556}") = "Models", "Models\Models.csproj", "{9F1868D4-C405-4F88-A58B-9554C63F8475}"
EndProject
Project("{9A19103F-16F7-4668-BE54-9A1E7A4F7556}") = "ProjAPICarro", "ProjAPICarro\ProjAPICarro.csproj", "{66DBC9A8-1A42-467D-8092-6A203413AD45}"
EndProject
Project("{9A19103F-16F7-4668-BE54-9A1E7A4F7556}") = "Services", "Services\Services.csproj", "{1CD0DDCA-D653-42B3-A9A2-2950D0B269DD}"
EndProject
Project("{9A19103F-16F7-4668-BE54-9A1E7A4F7556}") = "Repositories", "Repositories\Repositories.csproj", "{E2356741-7FC8-48CC-AAD1-974CD6FC327F}"
EndProject
Global
	GlobalSection(SolutionConfigurationPlatforms) = preSolution
		Debug|Any CPU = Debug|Any CPU
		Release|Any CPU = Release|Any CPU
	EndGlobalSection
	GlobalSection(ProjectConfigurationPlatforms) = postSolution
		{9F1868D4-C405-4F88-A58B-9554C63F8475}.Debug|Any CPU.ActiveCfg = Debug|Any CPU
		{9F1868D4-C405-4F88-A58B-9554C63F8475}.Debug|Any CPU.Build.0 = Debug|Any CPU
		{9F1868D4-C405-4F88-A58B-9554C63F8475}.Release|Any CPU.ActiveCfg = Release|Any CPU
		{9F1868D4-C405-4F88-A58B-9554C63F8475}.Release|Any CPU.Build.0 = Release|Any CPU
		{66DBC9A8-1A42-467D-8092-6A203413AD45}.Debug|Any CPU.ActiveCfg = Debug|Any CPU
		{66DBC9A8-1A42-467D-8092-6A203413AD45}.Debug|Any CPU.Build.0 = Debug|Any CPU
		{66DBC9A8-1A42-467D-8092-6A203413AD45}.Release|Any CPU.ActiveCfg = Release|Any CPU
		{66DBC9A8-1A42-467D-8092-6A203413AD45}.Release|Any CPU.Build.0 = Release|Any CPU
		{1CD0DDCA-D653-42B3-A9A2-2950D0B269DD}.Debug|Any CPU.ActiveCfg = Debug|Any CPU
		{1CD0DDCA-D653-42B3-A9A2-2950D0B269DD}.Debug|Any CPU.Build.0 = Debug|Any CPU
		{1CD0DDCA-D653-42B3-A9A2-2950D0B269DD}.Release|Any CPU.ActiveCfg = Release|Any CPU
		{1CD0DDCA-D653-42B3-A9A2-2950D0B269DD}.Release|Any CPU.Build.0 = Release|Any CPU
		{E2356741-7FC8-48CC-AAD1-974CD6FC327F}.Debug|Any CPU.ActiveCfg = Debug|Any CPU
		{E2356741-7FC8-48CC-AAD1-974CD6FC327F}.Debug|Any CPU.Build.0 = Debug|Any CPU
		{E2356741-7FC8-48CC-AAD1-974CD6FC327F}.Release|Any CPU.ActiveCfg = Release|Any CPU
		{E2356741-7FC8-48CC-AAD1-974CD6FC327F}.Release|Any CPU.Build.0 = Release|Any CPU
	EndGlobalSection
	GlobalSection(SolutionProperties) = preSolution
		HideSolutionNode = FALSE
	EndGlobalSection
	GlobalSection(ExtensibilityGlobals) = postSolution
		SolutionGuid = {CFA6A976-2544-43ED-954A-6383C7A374C9}
	EndGlobalSection
EndGlobal
